Microsoft Visual Studio Solution File, Format Version 12.00
# Visual Studio Version 17
VisualStudioVersion = 17.5.2.0
MinimumVisualStudioVersion = 10.0.40219.1
Project("{FAE04EC0-301F-11D3-BF4B-00C04F79EFBC}") = "TaskBoard.Api", "TaskBoard.Api.csproj", "{C7A91487-34F7-E145-8A72-15E1BC9D36EC}"
EndProject
Global
	GlobalSection(SolutionConfigurationPlatforms) = preSolution
		Debug|Any CPU = Debug|Any CPU
		Release|Any CPU = Release|Any CPU
	EndGlobalSection
	GlobalSection(ProjectConfigurationPlatforms) = postSolution
		{C7A91487-34F7-E145-8A72-15E1BC9D36EC}.Debug|Any CPU.ActiveCfg = Debug|Any CPU
		{C7A91487-34F7-E145-8A72-15E1BC9D36EC}.Debug|Any CPU.Build.0 = Debug|Any CPU
		{C7A91487-34F7-E145-8A72-15E1BC9D36EC}.Release|Any CPU.ActiveCfg = Release|Any CPU
		{C7A91487-34F7-E145-8A72-15E1BC9D36EC}.Release|Any CPU.Build.0 = Release|Any CPU
	EndGlobalSection
	GlobalSection(SolutionProperties) = preSolution
		HideSolutionNode = FALSE
	EndGlobalSection
	GlobalSection(ExtensibilityGlobals) = postSolution
		SolutionGuid = {8CA453C9-F320-4222-829D-3464506D3571}
	EndGlobalSection
EndGlobal
